// !$*UTF8*$!
{
	archiveVersion = 1;
	classes = {
	};
	objectVersion = 46;
	objects = {

/* Begin PBXBuildFile section */
		8434AFB11A9BD55800721F00 /* SWRevealViewController.m in Sources */ = {isa = PBXBuildFile; fileRef = 8434AFB01A9BD55800721F00 /* SWRevealViewController.m */; };
		8434AFB51A9C18EF00721F00 /* menu.png in Resources */ = {isa = PBXBuildFile; fileRef = 8434AFB31A9C18EF00721F00 /* menu.png */; };
		8434AFB61A9C18EF00721F00 /* menu@2x.png in Resources */ = {isa = PBXBuildFile; fileRef = 8434AFB41A9C18EF00721F00 /* menu@2x.png */; };
		8434AFB91A9C205E00721F00 /* RearViewController.m in Sources */ = {isa = PBXBuildFile; fileRef = 8434AFB81A9C205E00721F00 /* RearViewController.m */; };
		8434AFBC1A9C23C900721F00 /* ShoppingViewController.m in Sources */ = {isa = PBXBuildFile; fileRef = 8434AFBB1A9C23C900721F00 /* ShoppingViewController.m */; };
		8434AFBF1A9C331000721F00 /* User.m in Sources */ = {isa = PBXBuildFile; fileRef = 8434AFBE1A9C331000721F00 /* User.m */; };
		846BD3141A9A67AD00DF593B /* IngredientViewController.m in Sources */ = {isa = PBXBuildFile; fileRef = 846BD3131A9A67AD00DF593B /* IngredientViewController.m */; };
		846BD3541A9A9A8000DF593B /* TabbarViewController.m in Sources */ = {isa = PBXBuildFile; fileRef = 846BD3531A9A9A8000DF593B /* TabbarViewController.m */; };
		846BD35A1A9AA79900DF593B /* WebService.m in Sources */ = {isa = PBXBuildFile; fileRef = 846BD3591A9AA79900DF593B /* WebService.m */; };
		8486D1321A96DD9D00F06FD6 /* main.m in Sources */ = {isa = PBXBuildFile; fileRef = 8486D1311A96DD9D00F06FD6 /* main.m */; };
		8486D1351A96DD9D00F06FD6 /* AppDelegate.m in Sources */ = {isa = PBXBuildFile; fileRef = 8486D1341A96DD9D00F06FD6 /* AppDelegate.m */; };
		8486D1381A96DD9D00F06FD6 /* ViewController.m in Sources */ = {isa = PBXBuildFile; fileRef = 8486D1371A96DD9D00F06FD6 /* ViewController.m */; };
		8486D13B1A96DD9D00F06FD6 /* Main.storyboard in Resources */ = {isa = PBXBuildFile; fileRef = 8486D1391A96DD9D00F06FD6 /* Main.storyboard */; };
		8486D13D1A96DD9D00F06FD6 /* Images.xcassets in Resources */ = {isa = PBXBuildFile; fileRef = 8486D13C1A96DD9D00F06FD6 /* Images.xcassets */; };
		8486D1401A96DD9D00F06FD6 /* LaunchScreen.xib in Resources */ = {isa = PBXBuildFile; fileRef = 8486D13E1A96DD9D00F06FD6 /* LaunchScreen.xib */; };
		8486D14C1A96DD9D00F06FD6 /* mhealthTests.m in Sources */ = {isa = PBXBuildFile; fileRef = 8486D14B1A96DD9D00F06FD6 /* mhealthTests.m */; };
		8486D1661A996F0300F06FD6 /* NewAccountViewController.m in Sources */ = {isa = PBXBuildFile; fileRef = 8486D1651A996F0300F06FD6 /* NewAccountViewController.m */; };
		84A24A851A9E687800FD96E9 /* checkbox_check.png in Resources */ = {isa = PBXBuildFile; fileRef = 84A24A831A9E687800FD96E9 /* checkbox_check.png */; };
		84A24A861A9E687800FD96E9 /* checkbox_uncheck.png in Resources */ = {isa = PBXBuildFile; fileRef = 84A24A841A9E687800FD96E9 /* checkbox_uncheck.png */; };
		84A24A891A9EE1F000FD96E9 /* AutocompletionTableView.m in Sources */ = {isa = PBXBuildFile; fileRef = 84A24A881A9EE1F000FD96E9 /* AutocompletionTableView.m */; };
		84A24A8C1A9EE7D700FD96E9 /* PopUpViewController.m in Sources */ = {isa = PBXBuildFile; fileRef = 84A24A8B1A9EE7D700FD96E9 /* PopUpViewController.m */; };
		84A24A8E1A9EEF3E00FD96E9 /* delete.png in Resources */ = {isa = PBXBuildFile; fileRef = 84A24A8D1A9EEF3E00FD96E9 /* delete.png */; };
		84A24A951A9FA0F700FD96E9 /* BlueButton.m in Sources */ = {isa = PBXBuildFile; fileRef = 84A24A941A9FA0F700FD96E9 /* BlueButton.m */; };
		84A24A981A9FA11000FD96E9 /* DarkButton.m in Sources */ = {isa = PBXBuildFile; fileRef = 84A24A971A9FA11000FD96E9 /* DarkButton.m */; };
		84A24A9E1AA01E9200FD96E9 /* IGLDropDownItem.m in Sources */ = {isa = PBXBuildFile; fileRef = 84A24A9B1AA01E9200FD96E9 /* IGLDropDownItem.m */; };
		84A24A9F1AA01E9200FD96E9 /* IGLDropDownMenu.m in Sources */ = {isa = PBXBuildFile; fileRef = 84A24A9D1AA01E9200FD96E9 /* IGLDropDownMenu.m */; };
		84A24AA21AA24A0C00FD96E9 /* Ingredient.m in Sources */ = {isa = PBXBuildFile; fileRef = 84A24AA11AA24A0C00FD96E9 /* Ingredient.m */; };
		84A24C1E1AA59D1B00FD96E9 /* Apple_1.png in Resources */ = {isa = PBXBuildFile; fileRef = 84A24BD81AA59D1B00FD96E9 /* Apple_1.png */; };
		84A24C1F1AA59D1B00FD96E9 /* Apple.png in Resources */ = {isa = PBXBuildFile; fileRef = 84A24BD91AA59D1B00FD96E9 /* Apple.png */; };
		84A24C201AA59D1B00FD96E9 /* Banana_1.png in Resources */ = {isa = PBXBuildFile; fileRef = 84A24BDA1AA59D1B00FD96E9 /* Banana_1.png */; };
		84A24C211AA59D1B00FD96E9 /* Banana.png in Resources */ = {isa = PBXBuildFile; fileRef = 84A24BDB1AA59D1B00FD96E9 /* Banana.png */; };
		84A24C221AA59D1B00FD96E9 /* Beans.png in Resources */ = {isa = PBXBuildFile; fileRef = 84A24BDC1AA59D1B00FD96E9 /* Beans.png */; };
		84A24C231AA59D1B00FD96E9 /* Beef.png in Resources */ = {isa = PBXBuildFile; fileRef = 84A24BDD1AA59D1B00FD96E9 /* Beef.png */; };
		84A24C241AA59D1B00FD96E9 /* Blueberry.png in Resources */ = {isa = PBXBuildFile; fileRef = 84A24BDE1AA59D1B00FD96E9 /* Blueberry.png */; };
		84A24C251AA59D1B00FD96E9 /* Bread.png in Resources */ = {isa = PBXBuildFile; fileRef = 84A24BDF1AA59D1B00FD96E9 /* Bread.png */; };
		84A24C261AA59D1B00FD96E9 /* Broccoli.png in Resources */ = {isa = PBXBuildFile; fileRef = 84A24BE01AA59D1B00FD96E9 /* Broccoli.png */; };
		84A24C271AA59D1B00FD96E9 /* bunch_ingredients-50.png in Resources */ = {isa = PBXBuildFile; fileRef = 84A24BE11AA59D1B00FD96E9 /* bunch_ingredients-50.png */; };
		84A24C281AA59D1B00FD96E9 /* Burger.png in Resources */ = {isa = PBXBuildFile; fileRef = 84A24BE21AA59D1B00FD96E9 /* Burger.png */; };
		84A24C291AA59D1B00FD96E9 /* Butter.png in Resources */ = {isa = PBXBuildFile; fileRef = 84A24BE31AA59D1B00FD96E9 /* Butter.png */; };
		84A24C2A1AA59D1B00FD96E9 /* Cake.png in Resources */ = {isa = PBXBuildFile; fileRef = 84A24BE41AA59D1B00FD96E9 /* Cake.png */; };
		84A24C2B1AA59D1B00FD96E9 /* carrot_profile.png in Resources */ = {isa = PBXBuildFile; fileRef = 84A24BE51AA59D1B00FD96E9 /* carrot_profile.png */; };
		84A24C2C1AA59D1B00FD96E9 /* Carrot.png in Resources */ = {isa = PBXBuildFile; fileRef = 84A24BE61AA59D1B00FD96E9 /* Carrot.png */; };
		84A24C2D1AA59D1B00FD96E9 /* cart_big.png in Resources */ = {isa = PBXBuildFile; fileRef = 84A24BE71AA59D1B00FD96E9 /* cart_big.png */; };
		84A24C2E1AA59D1B00FD96E9 /* cart_full_60x60.png in Resources */ = {isa = PBXBuildFile; fileRef = 84A24BE81AA59D1B00FD96E9 /* cart_full_60x60.png */; };
		84A24C2F1AA59D1B00FD96E9 /* cart_full_80x80.png in Resources */ = {isa = PBXBuildFile; fileRef = 84A24BE91AA59D1B00FD96E9 /* cart_full_80x80.png */; };
		84A24C301AA59D1B00FD96E9 /* cart_full.png in Resources */ = {isa = PBXBuildFile; fileRef = 84A24BEA1AA59D1B00FD96E9 /* cart_full.png */; };
		84A24C311AA59D1B00FD96E9 /* cart.png in Resources */ = {isa = PBXBuildFile; fileRef = 84A24BEB1AA59D1B00FD96E9 /* cart.png */; };
		84A24C321AA59D1B00FD96E9 /* Cheese.png in Resources */ = {isa = PBXBuildFile; fileRef = 84A24BEC1AA59D1B00FD96E9 /* Cheese.png */; };
		84A24C331AA59D1B00FD96E9 /* Cherry.png in Resources */ = {isa = PBXBuildFile; fileRef = 84A24BED1AA59D1B00FD96E9 /* Cherry.png */; };
		84A24C341AA59D1B00FD96E9 /* Chicken Leg.png in Resources */ = {isa = PBXBuildFile; fileRef = 84A24BEE1AA59D1B00FD96E9 /* Chicken Leg.png */; };
		84A24C361AA59D1B00FD96E9 /* Chips.png in Resources */ = {isa = PBXBuildFile; fileRef = 84A24BF01AA59D1B00FD96E9 /* Chips.png */; };
		84A24C371AA59D1B00FD96E9 /* Chocolate.png in Resources */ = {isa = PBXBuildFile; fileRef = 84A24BF11AA59D1B00FD96E9 /* Chocolate.png */; };
		84A24C381AA59D1B00FD96E9 /* Cola.png in Resources */ = {isa = PBXBuildFile; fileRef = 84A24BF21AA59D1B00FD96E9 /* Cola.png */; };
		84A24C391AA59D1B00FD96E9 /* Corn.png in Resources */ = {isa = PBXBuildFile; fileRef = 84A24BF31AA59D1B00FD96E9 /* Corn.png */; };
		84A24C3A1AA59D1B00FD96E9 /* Cucumber.png in Resources */ = {isa = PBXBuildFile; fileRef = 84A24BF41AA59D1B00FD96E9 /* Cucumber.png */; };
		84A24C3B1AA59D1B00FD96E9 /* Daikon.png in Resources */ = {isa = PBXBuildFile; fileRef = 84A24BF51AA59D1B00FD96E9 /* Daikon.png */; };
		84A24C3C1AA59D1B00FD96E9 /* Donut.png in Resources */ = {isa = PBXBuildFile; fileRef = 84A24BF61AA59D1B00FD96E9 /* Donut.png */; };
		84A24C3D1AA59D1B00FD96E9 /* Egg.png in Resources */ = {isa = PBXBuildFile; fileRef = 84A24BF71AA59D1B00FD96E9 /* Egg.png */; };
		84A24C3E1AA59D1B00FD96E9 /* Eggplant.png in Resources */ = {isa = PBXBuildFile; fileRef = 84A24BF81AA59D1B00FD96E9 /* Eggplant.png */; };
		84A24C3F1AA59D1B00FD96E9 /* Empty.png in Resources */ = {isa = PBXBuildFile; fileRef = 84A24BF91AA59D1B00FD96E9 /* Empty.png */; };
		84A24C401AA59D1B00FD96E9 /* Fish.png in Resources */ = {isa = PBXBuildFile; fileRef = 84A24BFA1AA59D1B00FD96E9 /* Fish.png */; };
		84A24C411AA59D1B00FD96E9 /* French Fries.png in Resources */ = {isa = PBXBuildFile; fileRef = 84A24BFB1AA59D1B00FD96E9 /* French Fries.png */; };
		84A24C421AA59D1B00FD96E9 /* Garlic.png in Resources */ = {isa = PBXBuildFile; fileRef = 84A24BFC1AA59D1B00FD96E9 /* Garlic.png */; };
		84A24C431AA59D1B00FD96E9 /* Grape.png in Resources */ = {isa = PBXBuildFile; fileRef = 84A24BFD1AA59D1B00FD96E9 /* Grape.png */; };
		84A24C441AA59D1B00FD96E9 /* Green Onion.png in Resources */ = {isa = PBXBuildFile; fileRef = 84A24BFE1AA59D1B00FD96E9 /* Green Onion.png */; };
		84A24C451AA59D1B00FD96E9 /* Green Pepper.png in Resources */ = {isa = PBXBuildFile; fileRef = 84A24BFF1AA59D1B00FD96E9 /* Green Pepper.png */; };
		84A24C461AA59D1B00FD96E9 /* Hotdog.png in Resources */ = {isa = PBXBuildFile; fileRef = 84A24C001AA59D1B00FD96E9 /* Hotdog.png */; };
		84A24C471AA59D1B00FD96E9 /* Ice Cream.png in Resources */ = {isa = PBXBuildFile; fileRef = 84A24C011AA59D1B00FD96E9 /* Ice Cream.png */; };
		84A24C481AA59D1B00FD96E9 /* Icecream.png in Resources */ = {isa = PBXBuildFile; fileRef = 84A24C021AA59D1B00FD96E9 /* Icecream.png */; };
		84A24C491AA59D1B00FD96E9 /* Lemon.png in Resources */ = {isa = PBXBuildFile; fileRef = 84A24C031AA59D1B00FD96E9 /* Lemon.png */; };
		84A24C4A1AA59D1B00FD96E9 /* Lettuce.png in Resources */ = {isa = PBXBuildFile; fileRef = 84A24C041AA59D1B00FD96E9 /* Lettuce.png */; };
		84A24C4B1AA59D1B00FD96E9 /* Lime.png in Resources */ = {isa = PBXBuildFile; fileRef = 84A24C051AA59D1B00FD96E9 /* Lime.png */; };
		84A24C4C1AA59D1B00FD96E9 /* Milk.png in Resources */ = {isa = PBXBuildFile; fileRef = 84A24C061AA59D1B00FD96E9 /* Milk.png */; };
		84A24C4D1AA59D1B00FD96E9 /* Mushroom.png in Resources */ = {isa = PBXBuildFile; fileRef = 84A24C071AA59D1B00FD96E9 /* Mushroom.png */; };
		84A24C4E1AA59D1B00FD96E9 /* Noodle.png in Resources */ = {isa = PBXBuildFile; fileRef = 84A24C081AA59D1B00FD96E9 /* Noodle.png */; };
		84A24C4F1AA59D1B00FD96E9 /* Orange Juice.png in Resources */ = {isa = PBXBuildFile; fileRef = 84A24C091AA59D1B00FD96E9 /* Orange Juice.png */; };
		84A24C501AA59D1B00FD96E9 /* Pear.png in Resources */ = {isa = PBXBuildFile; fileRef = 84A24C0A1AA59D1B00FD96E9 /* Pear.png */; };
		84A24C511AA59D1B00FD96E9 /* Pineapple.png in Resources */ = {isa = PBXBuildFile; fileRef = 84A24C0B1AA59D1B00FD96E9 /* Pineapple.png */; };
		84A24C521AA59D1B00FD96E9 /* Pinto Beans.png in Resources */ = {isa = PBXBuildFile; fileRef = 84A24C0C1AA59D1B00FD96E9 /* Pinto Beans.png */; };
		84A24C531AA59D1B00FD96E9 /* Pizza.png in Resources */ = {isa = PBXBuildFile; fileRef = 84A24C0D1AA59D1B00FD96E9 /* Pizza.png */; };
		84A24C551AA59D1B00FD96E9 /* Potato.png in Resources */ = {isa = PBXBuildFile; fileRef = 84A24C0F1AA59D1B00FD96E9 /* Potato.png */; };
		84A24C561AA59D1B00FD96E9 /* Red Onion.png in Resources */ = {isa = PBXBuildFile; fileRef = 84A24C101AA59D1B00FD96E9 /* Red Onion.png */; };
		84A24C571AA59D1B00FD96E9 /* Red Pepper.png in Resources */ = {isa = PBXBuildFile; fileRef = 84A24C111AA59D1B00FD96E9 /* Red Pepper.png */; };
		84A24C581AA59D1B00FD96E9 /* Sandwitch.png in Resources */ = {isa = PBXBuildFile; fileRef = 84A24C121AA59D1B00FD96E9 /* Sandwitch.png */; };
		84A24C591AA59D1B00FD96E9 /* Sausage.png in Resources */ = {isa = PBXBuildFile; fileRef = 84A24C131AA59D1B00FD96E9 /* Sausage.png */; };
		84A24C5A1AA59D1B00FD96E9 /* Shrimp.png in Resources */ = {isa = PBXBuildFile; fileRef = 84A24C141AA59D1B00FD96E9 /* Shrimp.png */; };
		84A24C5B1AA59D1B00FD96E9 /* Soda.png in Resources */ = {isa = PBXBuildFile; fileRef = 84A24C151AA59D1B00FD96E9 /* Soda.png */; };
		84A24C5C1AA59D1B00FD96E9 /* Strawberry.png in Resources */ = {isa = PBXBuildFile; fileRef = 84A24C161AA59D1B00FD96E9 /* Strawberry.png */; };
		84A24C5D1AA59D1B00FD96E9 /* Tofu.png in Resources */ = {isa = PBXBuildFile; fileRef = 84A24C171AA59D1B00FD96E9 /* Tofu.png */; };
		84A24C5E1AA59D1B00FD96E9 /* Tomato.png in Resources */ = {isa = PBXBuildFile; fileRef = 84A24C181AA59D1B00FD96E9 /* Tomato.png */; };
		84A24C5F1AA59D1B00FD96E9 /* Turkey.png in Resources */ = {isa = PBXBuildFile; fileRef = 84A24C191AA59D1B00FD96E9 /* Turkey.png */; };
		84A24C601AA59D1B00FD96E9 /* Watermelon.png in Resources */ = {isa = PBXBuildFile; fileRef = 84A24C1A1AA59D1B00FD96E9 /* Watermelon.png */; };
		84A24C611AA59D1B00FD96E9 /* White Rice.png in Resources */ = {isa = PBXBuildFile; fileRef = 84A24C1B1AA59D1B00FD96E9 /* White Rice.png */; };
		84A24C621AA59D1B00FD96E9 /* Wine.png in Resources */ = {isa = PBXBuildFile; fileRef = 84A24C1C1AA59D1B00FD96E9 /* Wine.png */; };
		84A24C631AA59D1B00FD96E9 /* Yogurt.png in Resources */ = {isa = PBXBuildFile; fileRef = 84A24C1D1AA59D1B00FD96E9 /* Yogurt.png */; };
		84A24C661AA5A01700FD96E9 /* Chicken Wing.png in Resources */ = {isa = PBXBuildFile; fileRef = 84A24C641AA5A01700FD96E9 /* Chicken Wing.png */; };
		84A24C671AA5A01700FD96E9 /* Chicken.png in Resources */ = {isa = PBXBuildFile; fileRef = 84A24C651AA5A01700FD96E9 /* Chicken.png */; };
/* End PBXBuildFile section */

/* Begin PBXContainerItemProxy section */
		8486D1461A96DD9D00F06FD6 /* PBXContainerItemProxy */ = {
			isa = PBXContainerItemProxy;
			containerPortal = 8486D1241A96DD9D00F06FD6 /* Project object */;
			proxyType = 1;
			remoteGlobalIDString = 8486D12B1A96DD9D00F06FD6;
			remoteInfo = mhealth;
		};
/* End PBXContainerItemProxy section */

/* Begin PBXFileReference section */
		8434AFAF1A9BD55800721F00 /* SWRevealViewController.h */ = {isa = PBXFileReference; fileEncoding = 4; lastKnownFileType = sourcecode.c.h; path = SWRevealViewController.h; sourceTree = "<group>"; };
		8434AFB01A9BD55800721F00 /* SWRevealViewController.m */ = {isa = PBXFileReference; fileEncoding = 4; lastKnownFileType = sourcecode.c.objc; path = SWRevealViewController.m; sourceTree = "<group>"; };
		8434AFB31A9C18EF00721F00 /* menu.png */ = {isa = PBXFileReference; lastKnownFileType = image.png; path = menu.png; sourceTree = "<group>"; };
		8434AFB41A9C18EF00721F00 /* menu@2x.png */ = {isa = PBXFileReference; lastKnownFileType = image.png; path = "menu@2x.png"; sourceTree = "<group>"; };
		8434AFB71A9C204B00721F00 /* RearViewController.h */ = {isa = PBXFileReference; fileEncoding = 4; lastKnownFileType = sourcecode.c.h; path = RearViewController.h; sourceTree = "<group>"; };
		8434AFB81A9C205E00721F00 /* RearViewController.m */ = {isa = PBXFileReference; fileEncoding = 4; lastKnownFileType = sourcecode.c.objc; path = RearViewController.m; sourceTree = "<group>"; };
		8434AFBA1A9C23B300721F00 /* ShoppingViewController.h */ = {isa = PBXFileReference; fileEncoding = 4; lastKnownFileType = sourcecode.c.h; path = ShoppingViewController.h; sourceTree = "<group>"; };
		8434AFBB1A9C23C900721F00 /* ShoppingViewController.m */ = {isa = PBXFileReference; fileEncoding = 4; lastKnownFileType = sourcecode.c.objc; path = ShoppingViewController.m; sourceTree = "<group>"; };
		8434AFBD1A9C330400721F00 /* User.h */ = {isa = PBXFileReference; fileEncoding = 4; lastKnownFileType = sourcecode.c.h; path = User.h; sourceTree = "<group>"; };
		8434AFBE1A9C331000721F00 /* User.m */ = {isa = PBXFileReference; fileEncoding = 4; lastKnownFileType = sourcecode.c.objc; path = User.m; sourceTree = "<group>"; };
		846BD3121A9A679600DF593B /* IngredientViewController.h */ = {isa = PBXFileReference; fileEncoding = 4; lastKnownFileType = sourcecode.c.h; path = IngredientViewController.h; sourceTree = "<group>"; };
		846BD3131A9A67AD00DF593B /* IngredientViewController.m */ = {isa = PBXFileReference; fileEncoding = 4; lastKnownFileType = sourcecode.c.objc; path = IngredientViewController.m; sourceTree = "<group>"; };
		846BD3521A9A9A6E00DF593B /* TabbarViewController.h */ = {isa = PBXFileReference; fileEncoding = 4; lastKnownFileType = sourcecode.c.h; path = TabbarViewController.h; sourceTree = "<group>"; };
		846BD3531A9A9A8000DF593B /* TabbarViewController.m */ = {isa = PBXFileReference; fileEncoding = 4; lastKnownFileType = sourcecode.c.objc; path = TabbarViewController.m; sourceTree = "<group>"; };
		846BD3581A9AA78900DF593B /* WebService.h */ = {isa = PBXFileReference; fileEncoding = 4; lastKnownFileType = sourcecode.c.h; path = WebService.h; sourceTree = "<group>"; };
		846BD3591A9AA79900DF593B /* WebService.m */ = {isa = PBXFileReference; fileEncoding = 4; lastKnownFileType = sourcecode.c.objc; path = WebService.m; sourceTree = "<group>"; };
		8486D12C1A96DD9D00F06FD6 /* mhealth.app */ = {isa = PBXFileReference; explicitFileType = wrapper.application; includeInIndex = 0; path = mhealth.app; sourceTree = BUILT_PRODUCTS_DIR; };
		8486D1301A96DD9D00F06FD6 /* Info.plist */ = {isa = PBXFileReference; lastKnownFileType = text.plist.xml; path = Info.plist; sourceTree = "<group>"; };
		8486D1311A96DD9D00F06FD6 /* main.m */ = {isa = PBXFileReference; lastKnownFileType = sourcecode.c.objc; path = main.m; sourceTree = "<group>"; };
		8486D1331A96DD9D00F06FD6 /* AppDelegate.h */ = {isa = PBXFileReference; lastKnownFileType = sourcecode.c.h; path = AppDelegate.h; sourceTree = "<group>"; };
		8486D1341A96DD9D00F06FD6 /* AppDelegate.m */ = {isa = PBXFileReference; lastKnownFileType = sourcecode.c.objc; path = AppDelegate.m; sourceTree = "<group>"; };
		8486D1361A96DD9D00F06FD6 /* ViewController.h */ = {isa = PBXFileReference; lastKnownFileType = sourcecode.c.h; path = ViewController.h; sourceTree = "<group>"; };
		8486D1371A96DD9D00F06FD6 /* ViewController.m */ = {isa = PBXFileReference; lastKnownFileType = sourcecode.c.objc; path = ViewController.m; sourceTree = "<group>"; };
		8486D13A1A96DD9D00F06FD6 /* Base */ = {isa = PBXFileReference; lastKnownFileType = file.storyboard; name = Base; path = Base.lproj/Main.storyboard; sourceTree = "<group>"; };
		8486D13C1A96DD9D00F06FD6 /* Images.xcassets */ = {isa = PBXFileReference; lastKnownFileType = folder.assetcatalog; path = Images.xcassets; sourceTree = "<group>"; };
		8486D13F1A96DD9D00F06FD6 /* Base */ = {isa = PBXFileReference; lastKnownFileType = file.xib; name = Base; path = Base.lproj/LaunchScreen.xib; sourceTree = "<group>"; };
		8486D1451A96DD9D00F06FD6 /* mhealthTests.xctest */ = {isa = PBXFileReference; explicitFileType = wrapper.cfbundle; includeInIndex = 0; path = mhealthTests.xctest; sourceTree = BUILT_PRODUCTS_DIR; };
		8486D14A1A96DD9D00F06FD6 /* Info.plist */ = {isa = PBXFileReference; lastKnownFileType = text.plist.xml; path = Info.plist; sourceTree = "<group>"; };
		8486D14B1A96DD9D00F06FD6 /* mhealthTests.m */ = {isa = PBXFileReference; lastKnownFileType = sourcecode.c.objc; path = mhealthTests.m; sourceTree = "<group>"; };
		8486D15E1A97F1C600F06FD6 /* Global.h */ = {isa = PBXFileReference; fileEncoding = 4; lastKnownFileType = sourcecode.c.h; path = Global.h; sourceTree = "<group>"; };
		8486D1651A996F0300F06FD6 /* NewAccountViewController.m */ = {isa = PBXFileReference; fileEncoding = 4; lastKnownFileType = sourcecode.c.objc; path = NewAccountViewController.m; sourceTree = "<group>"; };
		8486D1671A996F1800F06FD6 /* NewAccountViewController.h */ = {isa = PBXFileReference; fileEncoding = 4; lastKnownFileType = sourcecode.c.h; path = NewAccountViewController.h; sourceTree = "<group>"; };
		84A24A831A9E687800FD96E9 /* checkbox_check.png */ = {isa = PBXFileReference; lastKnownFileType = image.png; path = checkbox_check.png; sourceTree = "<group>"; };
		84A24A841A9E687800FD96E9 /* checkbox_uncheck.png */ = {isa = PBXFileReference; lastKnownFileType = image.png; path = checkbox_uncheck.png; sourceTree = "<group>"; };
		84A24A871A9EE1F000FD96E9 /* AutocompletionTableView.h */ = {isa = PBXFileReference; fileEncoding = 4; lastKnownFileType = sourcecode.c.h; path = AutocompletionTableView.h; sourceTree = "<group>"; };
		84A24A881A9EE1F000FD96E9 /* AutocompletionTableView.m */ = {isa = PBXFileReference; fileEncoding = 4; lastKnownFileType = sourcecode.c.objc; path = AutocompletionTableView.m; sourceTree = "<group>"; };
		84A24A8A1A9EE7C600FD96E9 /* PopUpViewController.h */ = {isa = PBXFileReference; fileEncoding = 4; lastKnownFileType = sourcecode.c.h; path = PopUpViewController.h; sourceTree = "<group>"; };
		84A24A8B1A9EE7D700FD96E9 /* PopUpViewController.m */ = {isa = PBXFileReference; fileEncoding = 4; lastKnownFileType = sourcecode.c.objc; path = PopUpViewController.m; sourceTree = "<group>"; };
		84A24A8D1A9EEF3E00FD96E9 /* delete.png */ = {isa = PBXFileReference; lastKnownFileType = image.png; path = delete.png; sourceTree = "<group>"; };
		84A24A931A9FA0EE00FD96E9 /* BlueButton.h */ = {isa = PBXFileReference; fileEncoding = 4; lastKnownFileType = sourcecode.c.h; path = BlueButton.h; sourceTree = "<group>"; };
		84A24A941A9FA0F700FD96E9 /* BlueButton.m */ = {isa = PBXFileReference; fileEncoding = 4; lastKnownFileType = sourcecode.c.objc; path = BlueButton.m; sourceTree = "<group>"; };
		84A24A961A9FA10600FD96E9 /* DarkButton.h */ = {isa = PBXFileReference; fileEncoding = 4; lastKnownFileType = sourcecode.c.h; path = DarkButton.h; sourceTree = "<group>"; };
		84A24A971A9FA11000FD96E9 /* DarkButton.m */ = {isa = PBXFileReference; fileEncoding = 4; lastKnownFileType = sourcecode.c.objc; path = DarkButton.m; sourceTree = "<group>"; };
		84A24A9A1AA01E9200FD96E9 /* IGLDropDownItem.h */ = {isa = PBXFileReference; fileEncoding = 4; lastKnownFileType = sourcecode.c.h; path = IGLDropDownItem.h; sourceTree = "<group>"; };
		84A24A9B1AA01E9200FD96E9 /* IGLDropDownItem.m */ = {isa = PBXFileReference; fileEncoding = 4; lastKnownFileType = sourcecode.c.objc; path = IGLDropDownItem.m; sourceTree = "<group>"; };
		84A24A9C1AA01E9200FD96E9 /* IGLDropDownMenu.h */ = {isa = PBXFileReference; fileEncoding = 4; lastKnownFileType = sourcecode.c.h; path = IGLDropDownMenu.h; sourceTree = "<group>"; };
		84A24A9D1AA01E9200FD96E9 /* IGLDropDownMenu.m */ = {isa = PBXFileReference; fileEncoding = 4; lastKnownFileType = sourcecode.c.objc; path = IGLDropDownMenu.m; sourceTree = "<group>"; };
		84A24AA11AA24A0C00FD96E9 /* Ingredient.m */ = {isa = PBXFileReference; fileEncoding = 4; lastKnownFileType = sourcecode.c.objc; path = Ingredient.m; sourceTree = "<group>"; };
		84A24AA31AA24D3900FD96E9 /* Ingredient.h */ = {isa = PBXFileReference; fileEncoding = 4; lastKnownFileType = sourcecode.c.h; path = Ingredient.h; sourceTree = "<group>"; };
		84A24BD81AA59D1B00FD96E9 /* Apple_1.png */ = {isa = PBXFileReference; lastKnownFileType = image.png; name = Apple_1.png; path = pics/Apple_1.png; sourceTree = "<group>"; };
		84A24BD91AA59D1B00FD96E9 /* Apple.png */ = {isa = PBXFileReference; lastKnownFileType = image.png; name = Apple.png; path = pics/Apple.png; sourceTree = "<group>"; };
		84A24BDA1AA59D1B00FD96E9 /* Banana_1.png */ = {isa = PBXFileReference; lastKnownFileType = image.png; name = Banana_1.png; path = pics/Banana_1.png; sourceTree = "<group>"; };
		84A24BDB1AA59D1B00FD96E9 /* Banana.png */ = {isa = PBXFileReference; lastKnownFileType = image.png; name = Banana.png; path = pics/Banana.png; sourceTree = "<group>"; };
		84A24BDC1AA59D1B00FD96E9 /* Beans.png */ = {isa = PBXFileReference; lastKnownFileType = image.png; name = Beans.png; path = pics/Beans.png; sourceTree = "<group>"; };
		84A24BDD1AA59D1B00FD96E9 /* Beef.png */ = {isa = PBXFileReference; lastKnownFileType = image.png; name = Beef.png; path = pics/Beef.png; sourceTree = "<group>"; };
		84A24BDE1AA59D1B00FD96E9 /* Blueberry.png */ = {isa = PBXFileReference; lastKnownFileType = image.png; name = Blueberry.png; path = pics/Blueberry.png; sourceTree = "<group>"; };
		84A24BDF1AA59D1B00FD96E9 /* Bread.png */ = {isa = PBXFileReference; lastKnownFileType = image.png; name = Bread.png; path = pics/Bread.png; sourceTree = "<group>"; };
		84A24BE01AA59D1B00FD96E9 /* Broccoli.png */ = {isa = PBXFileReference; lastKnownFileType = image.png; name = Broccoli.png; path = pics/Broccoli.png; sourceTree = "<group>"; };
		84A24BE11AA59D1B00FD96E9 /* bunch_ingredients-50.png */ = {isa = PBXFileReference; lastKnownFileType = image.png; name = "bunch_ingredients-50.png"; path = "pics/bunch_ingredients-50.png"; sourceTree = "<group>"; };
		84A24BE21AA59D1B00FD96E9 /* Burger.png */ = {isa = PBXFileReference; lastKnownFileType = image.png; name = Burger.png; path = pics/Burger.png; sourceTree = "<group>"; };
		84A24BE31AA59D1B00FD96E9 /* Butter.png */ = {isa = PBXFileReference; lastKnownFileType = image.png; name = Butter.png; path = pics/Butter.png; sourceTree = "<group>"; };
		84A24BE41AA59D1B00FD96E9 /* Cake.png */ = {isa = PBXFileReference; lastKnownFileType = image.png; name = Cake.png; path = pics/Cake.png; sourceTree = "<group>"; };
		84A24BE51AA59D1B00FD96E9 /* carrot_profile.png */ = {isa = PBXFileReference; lastKnownFileType = image.png; name = carrot_profile.png; path = pics/carrot_profile.png; sourceTree = "<group>"; };
		84A24BE61AA59D1B00FD96E9 /* Carrot.png */ = {isa = PBXFileReference; lastKnownFileType = image.png; name = Carrot.png; path = pics/Carrot.png; sourceTree = "<group>"; };
		84A24BE71AA59D1B00FD96E9 /* cart_big.png */ = {isa = PBXFileReference; lastKnownFileType = image.png; name = cart_big.png; path = pics/cart_big.png; sourceTree = "<group>"; };
		84A24BE81AA59D1B00FD96E9 /* cart_full_60x60.png */ = {isa = PBXFileReference; lastKnownFileType = image.png; name = cart_full_60x60.png; path = pics/cart_full_60x60.png; sourceTree = "<group>"; };
		84A24BE91AA59D1B00FD96E9 /* cart_full_80x80.png */ = {isa = PBXFileReference; lastKnownFileType = image.png; name = cart_full_80x80.png; path = pics/cart_full_80x80.png; sourceTree = "<group>"; };
		84A24BEA1AA59D1B00FD96E9 /* cart_full.png */ = {isa = PBXFileReference; lastKnownFileType = image.png; name = cart_full.png; path = pics/cart_full.png; sourceTree = "<group>"; };
		84A24BEB1AA59D1B00FD96E9 /* cart.png */ = {isa = PBXFileReference; lastKnownFileType = image.png; name = cart.png; path = pics/cart.png; sourceTree = "<group>"; };
		84A24BEC1AA59D1B00FD96E9 /* Cheese.png */ = {isa = PBXFileReference; lastKnownFileType = image.png; name = Cheese.png; path = pics/Cheese.png; sourceTree = "<group>"; };
		84A24BED1AA59D1B00FD96E9 /* Cherry.png */ = {isa = PBXFileReference; lastKnownFileType = image.png; name = Cherry.png; path = pics/Cherry.png; sourceTree = "<group>"; };
		84A24BEE1AA59D1B00FD96E9 /* Chicken Leg.png */ = {isa = PBXFileReference; lastKnownFileType = image.png; name = "Chicken Leg.png"; path = "pics/Chicken Leg.png"; sourceTree = "<group>"; };
		84A24BF01AA59D1B00FD96E9 /* Chips.png */ = {isa = PBXFileReference; lastKnownFileType = image.png; name = Chips.png; path = pics/Chips.png; sourceTree = "<group>"; };
		84A24BF11AA59D1B00FD96E9 /* Chocolate.png */ = {isa = PBXFileReference; lastKnownFileType = image.png; name = Chocolate.png; path = pics/Chocolate.png; sourceTree = "<group>"; };
		84A24BF21AA59D1B00FD96E9 /* Cola.png */ = {isa = PBXFileReference; lastKnownFileType = image.png; name = Cola.png; path = pics/Cola.png; sourceTree = "<group>"; };
		84A24BF31AA59D1B00FD96E9 /* Corn.png */ = {isa = PBXFileReference; lastKnownFileType = image.png; name = Corn.png; path = pics/Corn.png; sourceTree = "<group>"; };
		84A24BF41AA59D1B00FD96E9 /* Cucumber.png */ = {isa = PBXFileReference; lastKnownFileType = image.png; name = Cucumber.png; path = pics/Cucumber.png; sourceTree = "<group>"; };
		84A24BF51AA59D1B00FD96E9 /* Daikon.png */ = {isa = PBXFileReference; lastKnownFileType = image.png; name = Daikon.png; path = pics/Daikon.png; sourceTree = "<group>"; };
		84A24BF61AA59D1B00FD96E9 /* Donut.png */ = {isa = PBXFileReference; lastKnownFileType = image.png; name = Donut.png; path = pics/Donut.png; sourceTree = "<group>"; };
		84A24BF71AA59D1B00FD96E9 /* Egg.png */ = {isa = PBXFileReference; lastKnownFileType = image.png; name = Egg.png; path = pics/Egg.png; sourceTree = "<group>"; };
		84A24BF81AA59D1B00FD96E9 /* Eggplant.png */ = {isa = PBXFileReference; lastKnownFileType = image.png; name = Eggplant.png; path = pics/Eggplant.png; sourceTree = "<group>"; };
		84A24BF91AA59D1B00FD96E9 /* Empty.png */ = {isa = PBXFileReference; lastKnownFileType = image.png; name = Empty.png; path = pics/Empty.png; sourceTree = "<group>"; };
		84A24BFA1AA59D1B00FD96E9 /* Fish.png */ = {isa = PBXFileReference; lastKnownFileType = image.png; name = Fish.png; path = pics/Fish.png; sourceTree = "<group>"; };
		84A24BFB1AA59D1B00FD96E9 /* French Fries.png */ = {isa = PBXFileReference; lastKnownFileType = image.png; name = "French Fries.png"; path = "pics/French Fries.png"; sourceTree = "<group>"; };
		84A24BFC1AA59D1B00FD96E9 /* Garlic.png */ = {isa = PBXFileReference; lastKnownFileType = image.png; name = Garlic.png; path = pics/Garlic.png; sourceTree = "<group>"; };
		84A24BFD1AA59D1B00FD96E9 /* Grape.png */ = {isa = PBXFileReference; lastKnownFileType = image.png; name = Grape.png; path = pics/Grape.png; sourceTree = "<group>"; };
		84A24BFE1AA59D1B00FD96E9 /* Green Onion.png */ = {isa = PBXFileReference; lastKnownFileType = image.png; name = "Green Onion.png"; path = "pics/Green Onion.png"; sourceTree = "<group>"; };
		84A24BFF1AA59D1B00FD96E9 /* Green Pepper.png */ = {isa = PBXFileReference; lastKnownFileType = image.png; name = "Green Pepper.png"; path = "pics/Green Pepper.png"; sourceTree = "<group>"; };
		84A24C001AA59D1B00FD96E9 /* Hotdog.png */ = {isa = PBXFileReference; lastKnownFileType = image.png; name = Hotdog.png; path = pics/Hotdog.png; sourceTree = "<group>"; };
		84A24C011AA59D1B00FD96E9 /* Ice Cream.png */ = {isa = PBXFileReference; lastKnownFileType = image.png; name = "Ice Cream.png"; path = "pics/Ice Cream.png"; sourceTree = "<group>"; };
		84A24C021AA59D1B00FD96E9 /* Icecream.png */ = {isa = PBXFileReference; lastKnownFileType = image.png; name = Icecream.png; path = pics/Icecream.png; sourceTree = "<group>"; };
		84A24C031AA59D1B00FD96E9 /* Lemon.png */ = {isa = PBXFileReference; lastKnownFileType = image.png; name = Lemon.png; path = pics/Lemon.png; sourceTree = "<group>"; };
		84A24C041AA59D1B00FD96E9 /* Lettuce.png */ = {isa = PBXFileReference; lastKnownFileType = image.png; name = Lettuce.png; path = pics/Lettuce.png; sourceTree = "<group>"; };
		84A24C051AA59D1B00FD96E9 /* Lime.png */ = {isa = PBXFileReference; lastKnownFileType = image.png; name = Lime.png; path = pics/Lime.png; sourceTree = "<group>"; };
		84A24C061AA59D1B00FD96E9 /* Milk.png */ = {isa = PBXFileReference; lastKnownFileType = image.png; name = Milk.png; path = pics/Milk.png; sourceTree = "<group>"; };
		84A24C071AA59D1B00FD96E9 /* Mushroom.png */ = {isa = PBXFileReference; lastKnownFileType = image.png; name = Mushroom.png; path = pics/Mushroom.png; sourceTree = "<group>"; };
		84A24C081AA59D1B00FD96E9 /* Noodle.png */ = {isa = PBXFileReference; lastKnownFileType = image.png; name = Noodle.png; path = pics/Noodle.png; sourceTree = "<group>"; };
		84A24C091AA59D1B00FD96E9 /* Orange Juice.png */ = {isa = PBXFileReference; lastKnownFileType = image.png; name = "Orange Juice.png"; path = "pics/Orange Juice.png"; sourceTree = "<group>"; };
		84A24C0A1AA59D1B00FD96E9 /* Pear.png */ = {isa = PBXFileReference; lastKnownFileType = image.png; name = Pear.png; path = pics/Pear.png; sourceTree = "<group>"; };
		84A24C0B1AA59D1B00FD96E9 /* Pineapple.png */ = {isa = PBXFileReference; lastKnownFileType = image.png; name = Pineapple.png; path = pics/Pineapple.png; sourceTree = "<group>"; };
		84A24C0C1AA59D1B00FD96E9 /* Pinto Beans.png */ = {isa = PBXFileReference; lastKnownFileType = image.png; name = "Pinto Beans.png"; path = "pics/Pinto Beans.png"; sourceTree = "<group>"; };
		84A24C0D1AA59D1B00FD96E9 /* Pizza.png */ = {isa = PBXFileReference; lastKnownFileType = image.png; name = Pizza.png; path = pics/Pizza.png; sourceTree = "<group>"; };
		84A24C0F1AA59D1B00FD96E9 /* Potato.png */ = {isa = PBXFileReference; lastKnownFileType = image.png; name = Potato.png; path = pics/Potato.png; sourceTree = "<group>"; };
		84A24C101AA59D1B00FD96E9 /* Red Onion.png */ = {isa = PBXFileReference; lastKnownFileType = image.png; name = "Red Onion.png"; path = "pics/Red Onion.png"; sourceTree = "<group>"; };
		84A24C111AA59D1B00FD96E9 /* Red Pepper.png */ = {isa = PBXFileReference; lastKnownFileType = image.png; name = "Red Pepper.png"; path = "pics/Red Pepper.png"; sourceTree = "<group>"; };
		84A24C121AA59D1B00FD96E9 /* Sandwitch.png */ = {isa = PBXFileReference; lastKnownFileType = image.png; name = Sandwitch.png; path = pics/Sandwitch.png; sourceTree = "<group>"; };
		84A24C131AA59D1B00FD96E9 /* Sausage.png */ = {isa = PBXFileReference; lastKnownFileType = image.png; name = Sausage.png; path = pics/Sausage.png; sourceTree = "<group>"; };
		84A24C141AA59D1B00FD96E9 /* Shrimp.png */ = {isa = PBXFileReference; lastKnownFileType = image.png; name = Shrimp.png; path = pics/Shrimp.png; sourceTree = "<group>"; };
		84A24C151AA59D1B00FD96E9 /* Soda.png */ = {isa = PBXFileReference; lastKnownFileType = image.png; name = Soda.png; path = pics/Soda.png; sourceTree = "<group>"; };
		84A24C161AA59D1B00FD96E9 /* Strawberry.png */ = {isa = PBXFileReference; lastKnownFileType = image.png; name = Strawberry.png; path = pics/Strawberry.png; sourceTree = "<group>"; };
		84A24C171AA59D1B00FD96E9 /* Tofu.png */ = {isa = PBXFileReference; lastKnownFileType = image.png; name = Tofu.png; path = pics/Tofu.png; sourceTree = "<group>"; };
		84A24C181AA59D1B00FD96E9 /* Tomato.png */ = {isa = PBXFileReference; lastKnownFileType = image.png; name = Tomato.png; path = pics/Tomato.png; sourceTree = "<group>"; };
		84A24C191AA59D1B00FD96E9 /* Turkey.png */ = {isa = PBXFileReference; lastKnownFileType = image.png; name = Turkey.png; path = pics/Turkey.png; sourceTree = "<group>"; };
		84A24C1A1AA59D1B00FD96E9 /* Watermelon.png */ = {isa = PBXFileReference; lastKnownFileType = image.png; name = Watermelon.png; path = pics/Watermelon.png; sourceTree = "<group>"; };
		84A24C1B1AA59D1B00FD96E9 /* White Rice.png */ = {isa = PBXFileReference; lastKnownFileType = image.png; name = "White Rice.png"; path = "pics/White Rice.png"; sourceTree = "<group>"; };
		84A24C1C1AA59D1B00FD96E9 /* Wine.png */ = {isa = PBXFileReference; lastKnownFileType = image.png; name = Wine.png; path = pics/Wine.png; sourceTree = "<group>"; };
		84A24C1D1AA59D1B00FD96E9 /* Yogurt.png */ = {isa = PBXFileReference; lastKnownFileType = image.png; name = Yogurt.png; path = pics/Yogurt.png; sourceTree = "<group>"; };
		84A24C641AA5A01700FD96E9 /* Chicken Wing.png */ = {isa = PBXFileReference; lastKnownFileType = image.png; name = "Chicken Wing.png"; path = "pics/Chicken Wing.png"; sourceTree = "<group>"; };
		84A24C651AA5A01700FD96E9 /* Chicken.png */ = {isa = PBXFileReference; lastKnownFileType = image.png; name = Chicken.png; path = pics/Chicken.png; sourceTree = "<group>"; };
/* End PBXFileReference section */

/* Begin PBXFrameworksBuildPhase section */
		8486D1291A96DD9D00F06FD6 /* Frameworks */ = {
			isa = PBXFrameworksBuildPhase;
			buildActionMask = 2147483647;
			files = (
			);
			runOnlyForDeploymentPostprocessing = 0;
		};
		8486D1421A96DD9D00F06FD6 /* Frameworks */ = {
			isa = PBXFrameworksBuildPhase;
			buildActionMask = 2147483647;
			files = (
			);
			runOnlyForDeploymentPostprocessing = 0;
		};
/* End PBXFrameworksBuildPhase section */

/* Begin PBXGroup section */
		8434AFAE1A9BD53C00721F00 /* Library */ = {
			isa = PBXGroup;
			children = (
				84A24A991AA01E6D00FD96E9 /* DropDownList */,
				84A24A871A9EE1F000FD96E9 /* AutocompletionTableView.h */,
				84A24A881A9EE1F000FD96E9 /* AutocompletionTableView.m */,
				8434AFAF1A9BD55800721F00 /* SWRevealViewController.h */,
				8434AFB01A9BD55800721F00 /* SWRevealViewController.m */,
			);
			name = Library;
			sourceTree = "<group>";
		};
		8434AFB21A9C18D900721F00 /* images */ = {
			isa = PBXGroup;
			children = (
				84A24BD81AA59D1B00FD96E9 /* Apple_1.png */,
				84A24BD91AA59D1B00FD96E9 /* Apple.png */,
				84A24BDA1AA59D1B00FD96E9 /* Banana_1.png */,
				84A24BDB1AA59D1B00FD96E9 /* Banana.png */,
				84A24BDC1AA59D1B00FD96E9 /* Beans.png */,
				84A24BDD1AA59D1B00FD96E9 /* Beef.png */,
				84A24BDE1AA59D1B00FD96E9 /* Blueberry.png */,
				84A24BDF1AA59D1B00FD96E9 /* Bread.png */,
				84A24BE01AA59D1B00FD96E9 /* Broccoli.png */,
				84A24BE11AA59D1B00FD96E9 /* bunch_ingredients-50.png */,
				84A24BE21AA59D1B00FD96E9 /* Burger.png */,
				84A24BE31AA59D1B00FD96E9 /* Butter.png */,
				84A24BE41AA59D1B00FD96E9 /* Cake.png */,
				84A24BE51AA59D1B00FD96E9 /* carrot_profile.png */,
				84A24BE61AA59D1B00FD96E9 /* Carrot.png */,
				84A24BE71AA59D1B00FD96E9 /* cart_big.png */,
				84A24BE81AA59D1B00FD96E9 /* cart_full_60x60.png */,
				84A24BE91AA59D1B00FD96E9 /* cart_full_80x80.png */,
				84A24BEA1AA59D1B00FD96E9 /* cart_full.png */,
				84A24BEB1AA59D1B00FD96E9 /* cart.png */,
				84A24BEC1AA59D1B00FD96E9 /* Cheese.png */,
				84A24BED1AA59D1B00FD96E9 /* Cherry.png */,
				84A24C651AA5A01700FD96E9 /* Chicken.png */,
				84A24BEE1AA59D1B00FD96E9 /* Chicken Leg.png */,
				84A24C641AA5A01700FD96E9 /* Chicken Wing.png */,
				84A24BF01AA59D1B00FD96E9 /* Chips.png */,
				84A24BF11AA59D1B00FD96E9 /* Chocolate.png */,
				84A24BF21AA59D1B00FD96E9 /* Cola.png */,
				84A24BF31AA59D1B00FD96E9 /* Corn.png */,
				84A24BF41AA59D1B00FD96E9 /* Cucumber.png */,
				84A24BF51AA59D1B00FD96E9 /* Daikon.png */,
				84A24BF61AA59D1B00FD96E9 /* Donut.png */,
				84A24BF71AA59D1B00FD96E9 /* Egg.png */,
				84A24BF81AA59D1B00FD96E9 /* Eggplant.png */,
				84A24BF91AA59D1B00FD96E9 /* Empty.png */,
				84A24BFA1AA59D1B00FD96E9 /* Fish.png */,
				84A24BFB1AA59D1B00FD96E9 /* French Fries.png */,
				84A24BFC1AA59D1B00FD96E9 /* Garlic.png */,
				84A24BFD1AA59D1B00FD96E9 /* Grape.png */,
				84A24BFE1AA59D1B00FD96E9 /* Green Onion.png */,
				84A24BFF1AA59D1B00FD96E9 /* Green Pepper.png */,
				84A24C001AA59D1B00FD96E9 /* Hotdog.png */,
				84A24C011AA59D1B00FD96E9 /* Ice Cream.png */,
				84A24C021AA59D1B00FD96E9 /* Icecream.png */,
				84A24C031AA59D1B00FD96E9 /* Lemon.png */,
				84A24C041AA59D1B00FD96E9 /* Lettuce.png */,
				84A24C051AA59D1B00FD96E9 /* Lime.png */,
				84A24C061AA59D1B00FD96E9 /* Milk.png */,
				84A24C071AA59D1B00FD96E9 /* Mushroom.png */,
				84A24C081AA59D1B00FD96E9 /* Noodle.png */,
				84A24C091AA59D1B00FD96E9 /* Orange Juice.png */,
				84A24C0A1AA59D1B00FD96E9 /* Pear.png */,
				84A24C0B1AA59D1B00FD96E9 /* Pineapple.png */,
				84A24C0C1AA59D1B00FD96E9 /* Pinto Beans.png */,
				84A24C0D1AA59D1B00FD96E9 /* Pizza.png */,
				84A24C0F1AA59D1B00FD96E9 /* Potato.png */,
				84A24C101AA59D1B00FD96E9 /* Red Onion.png */,
				84A24C111AA59D1B00FD96E9 /* Red Pepper.png */,
				84A24C121AA59D1B00FD96E9 /* Sandwitch.png */,
				84A24C131AA59D1B00FD96E9 /* Sausage.png */,
				84A24C141AA59D1B00FD96E9 /* Shrimp.png */,
				84A24C151AA59D1B00FD96E9 /* Soda.png */,
				84A24C161AA59D1B00FD96E9 /* Strawberry.png */,
				84A24C171AA59D1B00FD96E9 /* Tofu.png */,
				84A24C181AA59D1B00FD96E9 /* Tomato.png */,
				84A24C191AA59D1B00FD96E9 /* Turkey.png */,
				84A24C1A1AA59D1B00FD96E9 /* Watermelon.png */,
				84A24C1B1AA59D1B00FD96E9 /* White Rice.png */,
				84A24C1C1AA59D1B00FD96E9 /* Wine.png */,
				84A24C1D1AA59D1B00FD96E9 /* Yogurt.png */,
				84A24A8D1A9EEF3E00FD96E9 /* delete.png */,
				84A24A831A9E687800FD96E9 /* checkbox_check.png */,
				84A24A841A9E687800FD96E9 /* checkbox_uncheck.png */,
				8434AFB31A9C18EF00721F00 /* menu.png */,
				8434AFB41A9C18EF00721F00 /* menu@2x.png */,
			);
			name = images;
			sourceTree = "<group>";
		};
		8486D1231A96DD9D00F06FD6 = {
			isa = PBXGroup;
			children = (
				8486D12E1A96DD9D00F06FD6 /* mhealth */,
				8486D1481A96DD9D00F06FD6 /* mhealthTests */,
				8486D12D1A96DD9D00F06FD6 /* Products */,
			);
			sourceTree = "<group>";
		};
		8486D12D1A96DD9D00F06FD6 /* Products */ = {
			isa = PBXGroup;
			children = (
				8486D12C1A96DD9D00F06FD6 /* mhealth.app */,
				8486D1451A96DD9D00F06FD6 /* mhealthTests.xctest */,
			);
			name = Products;
			sourceTree = "<group>";
		};
		8486D12E1A96DD9D00F06FD6 /* mhealth */ = {
			isa = PBXGroup;
			children = (
				84A24A921A9FA0C900FD96E9 /* Buttons */,
				8486D15E1A97F1C600F06FD6 /* Global.h */,
				8486D1331A96DD9D00F06FD6 /* AppDelegate.h */,
				8486D1341A96DD9D00F06FD6 /* AppDelegate.m */,
				8486D1361A96DD9D00F06FD6 /* ViewController.h */,
				8486D1371A96DD9D00F06FD6 /* ViewController.m */,
				846BD3521A9A9A6E00DF593B /* TabbarViewController.h */,
				846BD3531A9A9A8000DF593B /* TabbarViewController.m */,
				8486D1391A96DD9D00F06FD6 /* Main.storyboard */,
				8486D13C1A96DD9D00F06FD6 /* Images.xcassets */,
				8486D13E1A96DD9D00F06FD6 /* LaunchScreen.xib */,
				8486D12F1A96DD9D00F06FD6 /* Supporting Files */,
				8486D1671A996F1800F06FD6 /* NewAccountViewController.h */,
				8486D1651A996F0300F06FD6 /* NewAccountViewController.m */,
				846BD3121A9A679600DF593B /* IngredientViewController.h */,
				846BD3131A9A67AD00DF593B /* IngredientViewController.m */,
				8434AFBA1A9C23B300721F00 /* ShoppingViewController.h */,
				8434AFBB1A9C23C900721F00 /* ShoppingViewController.m */,
				8434AFB71A9C204B00721F00 /* RearViewController.h */,
				8434AFB81A9C205E00721F00 /* RearViewController.m */,
				84A24A8A1A9EE7C600FD96E9 /* PopUpViewController.h */,
				84A24A8B1A9EE7D700FD96E9 /* PopUpViewController.m */,
				846BD3581A9AA78900DF593B /* WebService.h */,
				846BD3591A9AA79900DF593B /* WebService.m */,
				84A24AA31AA24D3900FD96E9 /* Ingredient.h */,
				84A24AA11AA24A0C00FD96E9 /* Ingredient.m */,
				8434AFBD1A9C330400721F00 /* User.h */,
				8434AFBE1A9C331000721F00 /* User.m */,
				8434AFAE1A9BD53C00721F00 /* Library */,
			);
			path = mhealth;
			sourceTree = "<group>";
		};
		8486D12F1A96DD9D00F06FD6 /* Supporting Files */ = {
			isa = PBXGroup;
			children = (
				8434AFB21A9C18D900721F00 /* images */,
				8486D1301A96DD9D00F06FD6 /* Info.plist */,
				8486D1311A96DD9D00F06FD6 /* main.m */,
			);
			name = "Supporting Files";
			sourceTree = "<group>";
		};
		8486D1481A96DD9D00F06FD6 /* mhealthTests */ = {
			isa = PBXGroup;
			children = (
				8486D14B1A96DD9D00F06FD6 /* mhealthTests.m */,
				8486D1491A96DD9D00F06FD6 /* Supporting Files */,
			);
			path = mhealthTests;
			sourceTree = "<group>";
		};
		8486D1491A96DD9D00F06FD6 /* Supporting Files */ = {
			isa = PBXGroup;
			children = (
				8486D14A1A96DD9D00F06FD6 /* Info.plist */,
			);
			name = "Supporting Files";
			sourceTree = "<group>";
		};
		84A24A921A9FA0C900FD96E9 /* Buttons */ = {
			isa = PBXGroup;
			children = (
				84A24A931A9FA0EE00FD96E9 /* BlueButton.h */,
				84A24A941A9FA0F700FD96E9 /* BlueButton.m */,
				84A24A961A9FA10600FD96E9 /* DarkButton.h */,
				84A24A971A9FA11000FD96E9 /* DarkButton.m */,
			);
			name = Buttons;
			sourceTree = "<group>";
		};
		84A24A991AA01E6D00FD96E9 /* DropDownList */ = {
			isa = PBXGroup;
			children = (
				84A24A9A1AA01E9200FD96E9 /* IGLDropDownItem.h */,
				84A24A9B1AA01E9200FD96E9 /* IGLDropDownItem.m */,
				84A24A9C1AA01E9200FD96E9 /* IGLDropDownMenu.h */,
				84A24A9D1AA01E9200FD96E9 /* IGLDropDownMenu.m */,
			);
			name = DropDownList;
			sourceTree = "<group>";
		};
/* End PBXGroup section */

/* Begin PBXNativeTarget section */
		8486D12B1A96DD9D00F06FD6 /* mhealth */ = {
			isa = PBXNativeTarget;
			buildConfigurationList = 8486D14F1A96DD9D00F06FD6 /* Build configuration list for PBXNativeTarget "mhealth" */;
			buildPhases = (
				8486D1281A96DD9D00F06FD6 /* Sources */,
				8486D1291A96DD9D00F06FD6 /* Frameworks */,
				8486D12A1A96DD9D00F06FD6 /* Resources */,
			);
			buildRules = (
			);
			dependencies = (
			);
			name = mhealth;
			productName = mhealth;
			productReference = 8486D12C1A96DD9D00F06FD6 /* mhealth.app */;
			productType = "com.apple.product-type.application";
		};
		8486D1441A96DD9D00F06FD6 /* mhealthTests */ = {
			isa = PBXNativeTarget;
			buildConfigurationList = 8486D1521A96DD9D00F06FD6 /* Build configuration list for PBXNativeTarget "mhealthTests" */;
			buildPhases = (
				8486D1411A96DD9D00F06FD6 /* Sources */,
				8486D1421A96DD9D00F06FD6 /* Frameworks */,
				8486D1431A96DD9D00F06FD6 /* Resources */,
			);
			buildRules = (
			);
			dependencies = (
				8486D1471A96DD9D00F06FD6 /* PBXTargetDependency */,
			);
			name = mhealthTests;
			productName = mhealthTests;
			productReference = 8486D1451A96DD9D00F06FD6 /* mhealthTests.xctest */;
			productType = "com.apple.product-type.bundle.unit-test";
		};
/* End PBXNativeTarget section */

/* Begin PBXProject section */
		8486D1241A96DD9D00F06FD6 /* Project object */ = {
			isa = PBXProject;
			attributes = {
				LastUpgradeCheck = 0610;
				ORGANIZATIONNAME = jiayi;
				TargetAttributes = {
					8486D12B1A96DD9D00F06FD6 = {
						CreatedOnToolsVersion = 6.1;
					};
					8486D1441A96DD9D00F06FD6 = {
						CreatedOnToolsVersion = 6.1;
						TestTargetID = 8486D12B1A96DD9D00F06FD6;
					};
				};
			};
			buildConfigurationList = 8486D1271A96DD9D00F06FD6 /* Build configuration list for PBXProject "mhealth" */;
			compatibilityVersion = "Xcode 3.2";
			developmentRegion = English;
			hasScannedForEncodings = 0;
			knownRegions = (
				en,
				Base,
			);
			mainGroup = 8486D1231A96DD9D00F06FD6;
			productRefGroup = 8486D12D1A96DD9D00F06FD6 /* Products */;
			projectDirPath = "";
			projectRoot = "";
			targets = (
				8486D12B1A96DD9D00F06FD6 /* mhealth */,
				8486D1441A96DD9D00F06FD6 /* mhealthTests */,
			);
		};
/* End PBXProject section */

/* Begin PBXResourcesBuildPhase section */
		8486D12A1A96DD9D00F06FD6 /* Resources */ = {
			isa = PBXResourcesBuildPhase;
			buildActionMask = 2147483647;
			files = (
				84A24C4B1AA59D1B00FD96E9 /* Lime.png in Resources */,
				84A24C5F1AA59D1B00FD96E9 /* Turkey.png in Resources */,
				84A24C4D1AA59D1B00FD96E9 /* Mushroom.png in Resources */,
				84A24C2A1AA59D1B00FD96E9 /* Cake.png in Resources */,
				84A24C4C1AA59D1B00FD96E9 /* Milk.png in Resources */,
				84A24A851A9E687800FD96E9 /* checkbox_check.png in Resources */,
				84A24C251AA59D1B00FD96E9 /* Bread.png in Resources */,
				84A24C231AA59D1B00FD96E9 /* Beef.png in Resources */,
				84A24C201AA59D1B00FD96E9 /* Banana_1.png in Resources */,
				84A24C2C1AA59D1B00FD96E9 /* Carrot.png in Resources */,
				84A24C5D1AA59D1B00FD96E9 /* Tofu.png in Resources */,
				84A24C411AA59D1B00FD96E9 /* French Fries.png in Resources */,
				84A24C211AA59D1B00FD96E9 /* Banana.png in Resources */,
				84A24C281AA59D1B00FD96E9 /* Burger.png in Resources */,
				84A24C661AA5A01700FD96E9 /* Chicken Wing.png in Resources */,
				84A24C401AA59D1B00FD96E9 /* Fish.png in Resources */,
				8486D13B1A96DD9D00F06FD6 /* Main.storyboard in Resources */,
				84A24C591AA59D1B00FD96E9 /* Sausage.png in Resources */,
				84A24C561AA59D1B00FD96E9 /* Red Onion.png in Resources */,
				84A24C391AA59D1B00FD96E9 /* Corn.png in Resources */,
				84A24C1F1AA59D1B00FD96E9 /* Apple.png in Resources */,
				84A24C4E1AA59D1B00FD96E9 /* Noodle.png in Resources */,
				84A24C321AA59D1B00FD96E9 /* Cheese.png in Resources */,
				84A24C511AA59D1B00FD96E9 /* Pineapple.png in Resources */,
				84A24C2D1AA59D1B00FD96E9 /* cart_big.png in Resources */,
				8434AFB61A9C18EF00721F00 /* menu@2x.png in Resources */,
				84A24C581AA59D1B00FD96E9 /* Sandwitch.png in Resources */,
				84A24C671AA5A01700FD96E9 /* Chicken.png in Resources */,
				8434AFB51A9C18EF00721F00 /* menu.png in Resources */,
				84A24C3B1AA59D1B00FD96E9 /* Daikon.png in Resources */,
				8486D1401A96DD9D00F06FD6 /* LaunchScreen.xib in Resources */,
				84A24C3C1AA59D1B00FD96E9 /* Donut.png in Resources */,
				84A24C301AA59D1B00FD96E9 /* cart_full.png in Resources */,
				84A24C431AA59D1B00FD96E9 /* Grape.png in Resources */,
				84A24C271AA59D1B00FD96E9 /* bunch_ingredients-50.png in Resources */,
				84A24C5B1AA59D1B00FD96E9 /* Soda.png in Resources */,
				84A24C261AA59D1B00FD96E9 /* Broccoli.png in Resources */,
				84A24C4A1AA59D1B00FD96E9 /* Lettuce.png in Resources */,
				84A24C3F1AA59D1B00FD96E9 /* Empty.png in Resources */,
				84A24C3D1AA59D1B00FD96E9 /* Egg.png in Resources */,
				84A24C5C1AA59D1B00FD96E9 /* Strawberry.png in Resources */,
				84A24C341AA59D1B00FD96E9 /* Chicken Leg.png in Resources */,
				84A24C601AA59D1B00FD96E9 /* Watermelon.png in Resources */,
				84A24C221AA59D1B00FD96E9 /* Beans.png in Resources */,
				84A24C2F1AA59D1B00FD96E9 /* cart_full_80x80.png in Resources */,
				84A24C631AA59D1B00FD96E9 /* Yogurt.png in Resources */,
				84A24C531AA59D1B00FD96E9 /* Pizza.png in Resources */,
				84A24C4F1AA59D1B00FD96E9 /* Orange Juice.png in Resources */,
				84A24C361AA59D1B00FD96E9 /* Chips.png in Resources */,
				84A24C481AA59D1B00FD96E9 /* Icecream.png in Resources */,
				8486D13D1A96DD9D00F06FD6 /* Images.xcassets in Resources */,
				84A24C451AA59D1B00FD96E9 /* Green Pepper.png in Resources */,
				84A24C571AA59D1B00FD96E9 /* Red Pepper.png in Resources */,
				84A24C621AA59D1B00FD96E9 /* Wine.png in Resources */,
				84A24C371AA59D1B00FD96E9 /* Chocolate.png in Resources */,
				84A24C291AA59D1B00FD96E9 /* Butter.png in Resources */,
				84A24C471AA59D1B00FD96E9 /* Ice Cream.png in Resources */,
				84A24C311AA59D1B00FD96E9 /* cart.png in Resources */,
				84A24C1E1AA59D1B00FD96E9 /* Apple_1.png in Resources */,
				84A24C611AA59D1B00FD96E9 /* White Rice.png in Resources */,
				84A24C2B1AA59D1B00FD96E9 /* carrot_profile.png in Resources */,
				84A24C241AA59D1B00FD96E9 /* Blueberry.png in Resources */,
				84A24A8E1A9EEF3E00FD96E9 /* delete.png in Resources */,
				84A24C2E1AA59D1B00FD96E9 /* cart_full_60x60.png in Resources */,
				84A24C551AA59D1B00FD96E9 /* Potato.png in Resources */,
				84A24C521AA59D1B00FD96E9 /* Pinto Beans.png in Resources */,
				84A24C5A1AA59D1B00FD96E9 /* Shrimp.png in Resources */,
				84A24C501AA59D1B00FD96E9 /* Pear.png in Resources */,
				84A24C381AA59D1B00FD96E9 /* Cola.png in Resources */,
				84A24C5E1AA59D1B00FD96E9 /* Tomato.png in Resources */,
				84A24C3A1AA59D1B00FD96E9 /* Cucumber.png in Resources */,
				84A24C461AA59D1B00FD96E9 /* Hotdog.png in Resources */,
				84A24C421AA59D1B00FD96E9 /* Garlic.png in Resources */,
				84A24C331AA59D1B00FD96E9 /* Cherry.png in Resources */,
				84A24C441AA59D1B00FD96E9 /* Green Onion.png in Resources */,
				84A24C3E1AA59D1B00FD96E9 /* Eggplant.png in Resources */,
				84A24A861A9E687800FD96E9 /* checkbox_uncheck.png in Resources */,
				84A24C491AA59D1B00FD96E9 /* Lemon.png in Resources */,
			);
			runOnlyForDeploymentPostprocessing = 0;
		};
		8486D1431A96DD9D00F06FD6 /* Resources */ = {
			isa = PBXResourcesBuildPhase;
			buildActionMask = 2147483647;
			files = (
			);
			runOnlyForDeploymentPostprocessing = 0;
		};
/* End PBXResourcesBuildPhase section */

/* Begin PBXSourcesBuildPhase section */
		8486D1281A96DD9D00F06FD6 /* Sources */ = {
			isa = PBXSourcesBuildPhase;
			buildActionMask = 2147483647;
			files = (
				8434AFBC1A9C23C900721F00 /* ShoppingViewController.m in Sources */,
				84A24A8C1A9EE7D700FD96E9 /* PopUpViewController.m in Sources */,
				8486D1381A96DD9D00F06FD6 /* ViewController.m in Sources */,
				8486D1351A96DD9D00F06FD6 /* AppDelegate.m in Sources */,
				84A24A981A9FA11000FD96E9 /* DarkButton.m in Sources */,
				84A24A9F1AA01E9200FD96E9 /* IGLDropDownMenu.m in Sources */,
				846BD3541A9A9A8000DF593B /* TabbarViewController.m in Sources */,
				8434AFB11A9BD55800721F00 /* SWRevealViewController.m in Sources */,
				8434AFB91A9C205E00721F00 /* RearViewController.m in Sources */,
				84A24A9E1AA01E9200FD96E9 /* IGLDropDownItem.m in Sources */,
				84A24AA21AA24A0C00FD96E9 /* Ingredient.m in Sources */,
				84A24A951A9FA0F700FD96E9 /* BlueButton.m in Sources */,
				84A24A891A9EE1F000FD96E9 /* AutocompletionTableView.m in Sources */,
				8434AFBF1A9C331000721F00 /* User.m in Sources */,
				846BD3141A9A67AD00DF593B /* IngredientViewController.m in Sources */,
				8486D1321A96DD9D00F06FD6 /* main.m in Sources */,
				846BD35A1A9AA79900DF593B /* WebService.m in Sources */,
				8486D1661A996F0300F06FD6 /* NewAccountViewController.m in Sources */,
			);
			runOnlyForDeploymentPostprocessing = 0;
		};
		8486D1411A96DD9D00F06FD6 /* Sources */ = {
			isa = PBXSourcesBuildPhase;
			buildActionMask = 2147483647;
			files = (
				8486D14C1A96DD9D00F06FD6 /* mhealthTests.m in Sources */,
			);
			runOnlyForDeploymentPostprocessing = 0;
		};
/* End PBXSourcesBuildPhase section */

/* Begin PBXTargetDependency section */
		8486D1471A96DD9D00F06FD6 /* PBXTargetDependency */ = {
			isa = PBXTargetDependency;
			target = 8486D12B1A96DD9D00F06FD6 /* mhealth */;
			targetProxy = 8486D1461A96DD9D00F06FD6 /* PBXContainerItemProxy */;
		};
/* End PBXTargetDependency section */

/* Begin PBXVariantGroup section */
		8486D1391A96DD9D00F06FD6 /* Main.storyboard */ = {
			isa = PBXVariantGroup;
			children = (
				8486D13A1A96DD9D00F06FD6 /* Base */,
			);
			name = Main.storyboard;
			sourceTree = "<group>";
		};
		8486D13E1A96DD9D00F06FD6 /* LaunchScreen.xib */ = {
			isa = PBXVariantGroup;
			children = (
				8486D13F1A96DD9D00F06FD6 /* Base */,
			);
			name = LaunchScreen.xib;
			sourceTree = "<group>";
		};
/* End PBXVariantGroup section */

/* Begin XCBuildConfiguration section */
		8486D14D1A96DD9D00F06FD6 /* Debug */ = {
			isa = XCBuildConfiguration;
			buildSettings = {
				ALWAYS_SEARCH_USER_PATHS = NO;
				CLANG_CXX_LANGUAGE_STANDARD = "gnu++0x";
				CLANG_CXX_LIBRARY = "libc++";
				CLANG_ENABLE_MODULES = YES;
				CLANG_ENABLE_OBJC_ARC = YES;
				CLANG_WARN_BOOL_CONVERSION = YES;
				CLANG_WARN_CONSTANT_CONVERSION = YES;
				CLANG_WARN_DIRECT_OBJC_ISA_USAGE = YES_ERROR;
				CLANG_WARN_EMPTY_BODY = YES;
				CLANG_WARN_ENUM_CONVERSION = YES;
				CLANG_WARN_INT_CONVERSION = YES;
				CLANG_WARN_OBJC_ROOT_CLASS = YES_ERROR;
				CLANG_WARN_UNREACHABLE_CODE = YES;
				CLANG_WARN__DUPLICATE_METHOD_MATCH = YES;
				"CODE_SIGN_IDENTITY[sdk=iphoneos*]" = "iPhone Developer";
				COPY_PHASE_STRIP = NO;
				ENABLE_STRICT_OBJC_MSGSEND = YES;
				GCC_C_LANGUAGE_STANDARD = gnu99;
				GCC_DYNAMIC_NO_PIC = NO;
				GCC_OPTIMIZATION_LEVEL = 0;
				GCC_PREPROCESSOR_DEFINITIONS = (
					"DEBUG=1",
					"$(inherited)",
				);
				GCC_SYMBOLS_PRIVATE_EXTERN = NO;
				GCC_WARN_64_TO_32_BIT_CONVERSION = YES;
				GCC_WARN_ABOUT_RETURN_TYPE = YES_ERROR;
				GCC_WARN_UNDECLARED_SELECTOR = YES;
				GCC_WARN_UNINITIALIZED_AUTOS = YES_AGGRESSIVE;
				GCC_WARN_UNUSED_FUNCTION = YES;
				GCC_WARN_UNUSED_VARIABLE = YES;
				IPHONEOS_DEPLOYMENT_TARGET = 8.1;
				MTL_ENABLE_DEBUG_INFO = YES;
				ONLY_ACTIVE_ARCH = YES;
				SDKROOT = iphoneos;
			};
			name = Debug;
		};
		8486D14E1A96DD9D00F06FD6 /* Release */ = {
			isa = XCBuildConfiguration;
			buildSettings = {
				ALWAYS_SEARCH_USER_PATHS = NO;
				CLANG_CXX_LANGUAGE_STANDARD = "gnu++0x";
				CLANG_CXX_LIBRARY = "libc++";
				CLANG_ENABLE_MODULES = YES;
				CLANG_ENABLE_OBJC_ARC = YES;
				CLANG_WARN_BOOL_CONVERSION = YES;
				CLANG_WARN_CONSTANT_CONVERSION = YES;
				CLANG_WARN_DIRECT_OBJC_ISA_USAGE = YES_ERROR;
				CLANG_WARN_EMPTY_BODY = YES;
				CLANG_WARN_ENUM_CONVERSION = YES;
				CLANG_WARN_INT_CONVERSION = YES;
				CLANG_WARN_OBJC_ROOT_CLASS = YES_ERROR;
				CLANG_WARN_UNREACHABLE_CODE = YES;
				CLANG_WARN__DUPLICATE_METHOD_MATCH = YES;
				"CODE_SIGN_IDENTITY[sdk=iphoneos*]" = "iPhone Developer";
				COPY_PHASE_STRIP = YES;
				ENABLE_NS_ASSERTIONS = NO;
				ENABLE_STRICT_OBJC_MSGSEND = YES;
				GCC_C_LANGUAGE_STANDARD = gnu99;
				GCC_WARN_64_TO_32_BIT_CONVERSION = YES;
				GCC_WARN_ABOUT_RETURN_TYPE = YES_ERROR;
				GCC_WARN_UNDECLARED_SELECTOR = YES;
				GCC_WARN_UNINITIALIZED_AUTOS = YES_AGGRESSIVE;
				GCC_WARN_UNUSED_FUNCTION = YES;
				GCC_WARN_UNUSED_VARIABLE = YES;
				IPHONEOS_DEPLOYMENT_TARGET = 8.1;
				MTL_ENABLE_DEBUG_INFO = NO;
				SDKROOT = iphoneos;
				VALIDATE_PRODUCT = YES;
			};
			name = Release;
		};
		8486D1501A96DD9D00F06FD6 /* Debug */ = {
			isa = XCBuildConfiguration;
			buildSettings = {
				ASSETCATALOG_COMPILER_APPICON_NAME = AppIcon;
				ASSETCATALOG_COMPILER_LAUNCHIMAGE_NAME = LaunchImage;
				INFOPLIST_FILE = mhealth/Info.plist;
				IPHONEOS_DEPLOYMENT_TARGET = 6.1;
				LD_RUNPATH_SEARCH_PATHS = "$(inherited) @executable_path/Frameworks";
				PRODUCT_NAME = mhealth;
			};
			name = Debug;
		};
		8486D1511A96DD9D00F06FD6 /* Release */ = {
			isa = XCBuildConfiguration;
			buildSettings = {
				ASSETCATALOG_COMPILER_APPICON_NAME = AppIcon;
				ASSETCATALOG_COMPILER_LAUNCHIMAGE_NAME = LaunchImage;
				INFOPLIST_FILE = mhealth/Info.plist;
				IPHONEOS_DEPLOYMENT_TARGET = 6.1;
				LD_RUNPATH_SEARCH_PATHS = "$(inherited) @executable_path/Frameworks";
				PRODUCT_NAME = mhealth;
			};
			name = Release;
		};
		8486D1531A96DD9D00F06FD6 /* Debug */ = {
			isa = XCBuildConfiguration;
			buildSettings = {
				BUNDLE_LOADER = "$(TEST_HOST)";
				FRAMEWORK_SEARCH_PATHS = (
					"$(SDKROOT)/Developer/Library/Frameworks",
					"$(inherited)",
				);
				GCC_PREPROCESSOR_DEFINITIONS = (
					"DEBUG=1",
					"$(inherited)",
				);
				INFOPLIST_FILE = mhealthTests/Info.plist;
				LD_RUNPATH_SEARCH_PATHS = "$(inherited) @executable_path/Frameworks @loader_path/Frameworks";
				PRODUCT_NAME = mhealthTests;
				TEST_HOST = "$(BUILT_PRODUCTS_DIR)/mhealth.app/mhealth";
			};
			name = Debug;
		};
		8486D1541A96DD9D00F06FD6 /* Release */ = {
			isa = XCBuildConfiguration;
			buildSettings = {
				BUNDLE_LOADER = "$(TEST_HOST)";
				FRAMEWORK_SEARCH_PATHS = (
					"$(SDKROOT)/Developer/Library/Frameworks",
					"$(inherited)",
				);
				INFOPLIST_FILE = mhealthTests/Info.plist;
				LD_RUNPATH_SEARCH_PATHS = "$(inherited) @executable_path/Frameworks @loader_path/Frameworks";
				PRODUCT_NAME = mhealthTests;
				TEST_HOST = "$(BUILT_PRODUCTS_DIR)/mhealth.app/mhealth";
			};
			name = Release;
		};
/* End XCBuildConfiguration section */

/* Begin XCConfigurationList section */
		8486D1271A96DD9D00F06FD6 /* Build configuration list for PBXProject "mhealth" */ = {
			isa = XCConfigurationList;
			buildConfigurations = (
				8486D14D1A96DD9D00F06FD6 /* Debug */,
				8486D14E1A96DD9D00F06FD6 /* Release */,
			);
			defaultConfigurationIsVisible = 0;
			defaultConfigurationName = Release;
		};
		8486D14F1A96DD9D00F06FD6 /* Build configuration list for PBXNativeTarget "mhealth" */ = {
			isa = XCConfigurationList;
			buildConfigurations = (
				8486D1501A96DD9D00F06FD6 /* Debug */,
				8486D1511A96DD9D00F06FD6 /* Release */,
			);
			defaultConfigurationIsVisible = 0;
			defaultConfigurationName = Release;
		};
		8486D1521A96DD9D00F06FD6 /* Build configuration list for PBXNativeTarget "mhealthTests" */ = {
			isa = XCConfigurationList;
			buildConfigurations = (
				8486D1531A96DD9D00F06FD6 /* Debug */,
				8486D1541A96DD9D00F06FD6 /* Release */,
			);
			defaultConfigurationIsVisible = 0;
			defaultConfigurationName = Release;
		};
/* End XCConfigurationList section */
	};
	rootObject = 8486D1241A96DD9D00F06FD6 /* Project object */;
}
